
Microsoft Visual Studio Solution File, Format Version 12.00
# Visual Studio Version 17
VisualStudioVersion = 17.9.34728.123
MinimumVisualStudioVersion = 10.0.40219.1
Project("{9A19103F-16F7-4668-BE54-9A1E7A4F7556}") = "CleanArchitecture.Web", "CleanArchitecture\CleanArchitecture.Web.csproj", "{C383DE6D-88AD-458E-B656-0DFDF391006D}"
EndProject
Project("{9A19103F-16F7-4668-BE54-9A1E7A4F7556}") = "CleanArchitecture.Enterprise", "CleanArchitecture.Entities\CleanArchitecture.Enterprise.csproj", "{576B162A-F6B6-4FA4-BE2C-B50FE606F6E9}"
EndProject
Project("{9A19103F-16F7-4668-BE54-9A1E7A4F7556}") = "CleanArchitecture.Application", "CleanArchitecture.Application\CleanArchitecture.Application.csproj", "{4140F522-3BBE-4359-8000-7C2E628C0E38}"
EndProject
Project("{9A19103F-16F7-4668-BE54-9A1E7A4F7556}") = "CleanArchitecture.Infrastructure", "CleanArchitecture.Interface\CleanArchitecture.Infrastructure.csproj", "{B69CBF63-6330-46EA-869C-0185B5687C2F}"
EndProject
Global
	GlobalSection(SolutionConfigurationPlatforms) = preSolution
		Debug|Any CPU = Debug|Any CPU
		Release|Any CPU = Release|Any CPU
	EndGlobalSection
	GlobalSection(ProjectConfigurationPlatforms) = postSolution
		{C383DE6D-88AD-458E-B656-0DFDF391006D}.Debug|Any CPU.ActiveCfg = Debug|Any CPU
		{C383DE6D-88AD-458E-B656-0DFDF391006D}.Debug|Any CPU.Build.0 = Debug|Any CPU
		{C383DE6D-88AD-458E-B656-0DFDF391006D}.Release|Any CPU.ActiveCfg = Release|Any CPU
		{C383DE6D-88AD-458E-B656-0DFDF391006D}.Release|Any CPU.Build.0 = Release|Any CPU
		{576B162A-F6B6-4FA4-BE2C-B50FE606F6E9}.Debug|Any CPU.ActiveCfg = Debug|Any CPU
		{576B162A-F6B6-4FA4-BE2C-B50FE606F6E9}.Debug|Any CPU.Build.0 = Debug|Any CPU
		{576B162A-F6B6-4FA4-BE2C-B50FE606F6E9}.Release|Any CPU.ActiveCfg = Release|Any CPU
		{576B162A-F6B6-4FA4-BE2C-B50FE606F6E9}.Release|Any CPU.Build.0 = Release|Any CPU
		{4140F522-3BBE-4359-8000-7C2E628C0E38}.Debug|Any CPU.ActiveCfg = Debug|Any CPU
		{4140F522-3BBE-4359-8000-7C2E628C0E38}.Debug|Any CPU.Build.0 = Debug|Any CPU
		{4140F522-3BBE-4359-8000-7C2E628C0E38}.Release|Any CPU.ActiveCfg = Release|Any CPU
		{4140F522-3BBE-4359-8000-7C2E628C0E38}.Release|Any CPU.Build.0 = Release|Any CPU
		{B69CBF63-6330-46EA-869C-0185B5687C2F}.Debug|Any CPU.ActiveCfg = Debug|Any CPU
		{B69CBF63-6330-46EA-869C-0185B5687C2F}.Debug|Any CPU.Build.0 = Debug|Any CPU
		{B69CBF63-6330-46EA-869C-0185B5687C2F}.Release|Any CPU.ActiveCfg = Release|Any CPU
		{B69CBF63-6330-46EA-869C-0185B5687C2F}.Release|Any CPU.Build.0 = Release|Any CPU
	EndGlobalSection
	GlobalSection(SolutionProperties) = preSolution
		HideSolutionNode = FALSE
	EndGlobalSection
	GlobalSection(ExtensibilityGlobals) = postSolution
		SolutionGuid = {E8051D0A-3FA2-4735-8A15-2465C8DEA29C}
	EndGlobalSection
EndGlobal
